// !$*UTF8*$!
{
	archiveVersion = 1;
	classes = {
	};
	objectVersion = 50;
	objects = {

/* Begin PBXBuildFile section */
		34F87F6220F0508D00883702 /* AppDelegate.m in Sources */ = {isa = PBXBuildFile; fileRef = 34F87F6120F0508D00883702 /* AppDelegate.m */; };
		34F87F6520F0508D00883702 /* ViewController.m in Sources */ = {isa = PBXBuildFile; fileRef = 34F87F6420F0508D00883702 /* ViewController.m */; };
		34F87F6820F0508D00883702 /* Main.storyboard in Resources */ = {isa = PBXBuildFile; fileRef = 34F87F6620F0508D00883702 /* Main.storyboard */; };
		34F87F6A20F0508E00883702 /* Assets.xcassets in Resources */ = {isa = PBXBuildFile; fileRef = 34F87F6920F0508E00883702 /* Assets.xcassets */; };
		34F87F6D20F0508E00883702 /* LaunchScreen.storyboard in Resources */ = {isa = PBXBuildFile; fileRef = 34F87F6B20F0508E00883702 /* LaunchScreen.storyboard */; };
		34F87F7020F0508E00883702 /* main.m in Sources */ = {isa = PBXBuildFile; fileRef = 34F87F6F20F0508E00883702 /* main.m */; };
		34F87F7A20F0508F00883702 /* OrderFoodTests.m in Sources */ = {isa = PBXBuildFile; fileRef = 34F87F7920F0508F00883702 /* OrderFoodTests.m */; };
		34F87F8520F0508F00883702 /* OrderFoodUITests.m in Sources */ = {isa = PBXBuildFile; fileRef = 34F87F8420F0508F00883702 /* OrderFoodUITests.m */; };
		34F87F9320F054EE00883702 /* foods.plist in Resources */ = {isa = PBXBuildFile; fileRef = 34F87F9220F054EE00883702 /* foods.plist */; };
/* End PBXBuildFile section */

/* Begin PBXContainerItemProxy section */
		34F87F7620F0508F00883702 /* PBXContainerItemProxy */ = {
			isa = PBXContainerItemProxy;
			containerPortal = 34F87F5520F0508D00883702 /* Project object */;
			proxyType = 1;
			remoteGlobalIDString = 34F87F5C20F0508D00883702;
			remoteInfo = OrderFood;
		};
		34F87F8120F0508F00883702 /* PBXContainerItemProxy */ = {
			isa = PBXContainerItemProxy;
			containerPortal = 34F87F5520F0508D00883702 /* Project object */;
			proxyType = 1;
			remoteGlobalIDString = 34F87F5C20F0508D00883702;
			remoteInfo = OrderFood;
		};
/* End PBXContainerItemProxy section */

/* Begin PBXFileReference section */
		34F87F5D20F0508D00883702 /* OrderFood.app */ = {isa = PBXFileReference; explicitFileType = wrapper.application; includeInIndex = 0; path = OrderFood.app; sourceTree = BUILT_PRODUCTS_DIR; };
		34F87F6020F0508D00883702 /* AppDelegate.h */ = {isa = PBXFileReference; lastKnownFileType = sourcecode.c.h; path = AppDelegate.h; sourceTree = "<group>"; };
		34F87F6120F0508D00883702 /* AppDelegate.m */ = {isa = PBXFileReference; lastKnownFileType = sourcecode.c.objc; path = AppDelegate.m; sourceTree = "<group>"; };
		34F87F6320F0508D00883702 /* ViewController.h */ = {isa = PBXFileReference; lastKnownFileType = sourcecode.c.h; path = ViewController.h; sourceTree = "<group>"; };
		34F87F6420F0508D00883702 /* ViewController.m */ = {isa = PBXFileReference; lastKnownFileType = sourcecode.c.objc; path = ViewController.m; sourceTree = "<group>"; };
		34F87F6720F0508D00883702 /* Base */ = {isa = PBXFileReference; lastKnownFileType = file.storyboard; name = Base; path = Base.lproj/Main.storyboard; sourceTree = "<group>"; };
		34F87F6920F0508E00883702 /* Assets.xcassets */ = {isa = PBXFileReference; lastKnownFileType = folder.assetcatalog; path = Assets.xcassets; sourceTree = "<group>"; };
		34F87F6C20F0508E00883702 /* Base */ = {isa = PBXFileReference; lastKnownFileType = file.storyboard; name = Base; path = Base.lproj/LaunchScreen.storyboard; sourceTree = "<group>"; };
		34F87F6E20F0508E00883702 /* Info.plist */ = {isa = PBXFileReference; lastKnownFileType = text.plist.xml; path = Info.plist; sourceTree = "<group>"; };
		34F87F6F20F0508E00883702 /* main.m */ = {isa = PBXFileReference; lastKnownFileType = sourcecode.c.objc; path = main.m; sourceTree = "<group>"; };
		34F87F7520F0508F00883702 /* OrderFoodTests.xctest */ = {isa = PBXFileReference; explicitFileType = wrapper.cfbundle; includeInIndex = 0; path = OrderFoodTests.xctest; sourceTree = BUILT_PRODUCTS_DIR; };
		34F87F7920F0508F00883702 /* OrderFoodTests.m */ = {isa = PBXFileReference; lastKnownFileType = sourcecode.c.objc; path = OrderFoodTests.m; sourceTree = "<group>"; };
		34F87F7B20F0508F00883702 /* Info.plist */ = {isa = PBXFileReference; lastKnownFileType = text.plist.xml; path = Info.plist; sourceTree = "<group>"; };
		34F87F8020F0508F00883702 /* OrderFoodUITests.xctest */ = {isa = PBXFileReference; explicitFileType = wrapper.cfbundle; includeInIndex = 0; path = OrderFoodUITests.xctest; sourceTree = BUILT_PRODUCTS_DIR; };
		34F87F8420F0508F00883702 /* OrderFoodUITests.m */ = {isa = PBXFileReference; lastKnownFileType = sourcecode.c.objc; path = OrderFoodUITests.m; sourceTree = "<group>"; };
		34F87F8620F0508F00883702 /* Info.plist */ = {isa = PBXFileReference; lastKnownFileType = text.plist.xml; path = Info.plist; sourceTree = "<group>"; };
		34F87F9220F054EE00883702 /* foods.plist */ = {isa = PBXFileReference; lastKnownFileType = text.plist.xml; path = foods.plist; sourceTree = "<group>"; };
/* End PBXFileReference section */

/* Begin PBXFrameworksBuildPhase section */
		34F87F5A20F0508D00883702 /* Frameworks */ = {
			isa = PBXFrameworksBuildPhase;
			buildActionMask = 2147483647;
			files = (
			);
			runOnlyForDeploymentPostprocessing = 0;
		};
		34F87F7220F0508F00883702 /* Frameworks */ = {
			isa = PBXFrameworksBuildPhase;
			buildActionMask = 2147483647;
			files = (
			);
			runOnlyForDeploymentPostprocessing = 0;
		};
		34F87F7D20F0508F00883702 /* Frameworks */ = {
			isa = PBXFrameworksBuildPhase;
			buildActionMask = 2147483647;
			files = (
			);
			runOnlyForDeploymentPostprocessing = 0;
		};
/* End PBXFrameworksBuildPhase section */

/* Begin PBXGroup section */
		34F87F5420F0508D00883702 = {
			isa = PBXGroup;
			children = (
				34F87F5F20F0508D00883702 /* OrderFood */,
				34F87F7820F0508F00883702 /* OrderFoodTests */,
				34F87F8320F0508F00883702 /* OrderFoodUITests */,
				34F87F5E20F0508D00883702 /* Products */,
			);
			sourceTree = "<group>";
		};
		34F87F5E20F0508D00883702 /* Products */ = {
			isa = PBXGroup;
			children = (
				34F87F5D20F0508D00883702 /* OrderFood.app */,
				34F87F7520F0508F00883702 /* OrderFoodTests.xctest */,
				34F87F8020F0508F00883702 /* OrderFoodUITests.xctest */,
			);
			name = Products;
			sourceTree = "<group>";
		};
		34F87F5F20F0508D00883702 /* OrderFood */ = {
			isa = PBXGroup;
			children = (
				34F87F6020F0508D00883702 /* AppDelegate.h */,
				34F87F6120F0508D00883702 /* AppDelegate.m */,
				34F87F6320F0508D00883702 /* ViewController.h */,
				34F87F6420F0508D00883702 /* ViewController.m */,
				34F87F6620F0508D00883702 /* Main.storyboard */,
				34F87F6920F0508E00883702 /* Assets.xcassets */,
				34F87F6B20F0508E00883702 /* LaunchScreen.storyboard */,
				34F87F6E20F0508E00883702 /* Info.plist */,
				34F87F6F20F0508E00883702 /* main.m */,
				34F87F9220F054EE00883702 /* foods.plist */,
			);
			path = OrderFood;
			sourceTree = "<group>";
		};
		34F87F7820F0508F00883702 /* OrderFoodTests */ = {
			isa = PBXGroup;
			children = (
				34F87F7920F0508F00883702 /* OrderFoodTests.m */,
				34F87F7B20F0508F00883702 /* Info.plist */,
			);
			path = OrderFoodTests;
			sourceTree = "<group>";
		};
		34F87F8320F0508F00883702 /* OrderFoodUITests */ = {
			isa = PBXGroup;
			children = (
				34F87F8420F0508F00883702 /* OrderFoodUITests.m */,
				34F87F8620F0508F00883702 /* Info.plist */,
			);
			path = OrderFoodUITests;
			sourceTree = "<group>";
		};
/* End PBXGroup section */

/* Begin PBXNativeTarget section */
		34F87F5C20F0508D00883702 /* OrderFood */ = {
			isa = PBXNativeTarget;
			buildConfigurationList = 34F87F8920F0508F00883702 /* Build configuration list for PBXNativeTarget "OrderFood" */;
			buildPhases = (
				34F87F5920F0508D00883702 /* Sources */,
				34F87F5A20F0508D00883702 /* Frameworks */,
				34F87F5B20F0508D00883702 /* Resources */,
			);
			buildRules = (
			);
			dependencies = (
			);
			name = OrderFood;
			productName = OrderFood;
			productReference = 34F87F5D20F0508D00883702 /* OrderFood.app */;
			productType = "com.apple.product-type.application";
		};
		34F87F7420F0508F00883702 /* OrderFoodTests */ = {
			isa = PBXNativeTarget;
			buildConfigurationList = 34F87F8C20F0508F00883702 /* Build configuration list for PBXNativeTarget "OrderFoodTests" */;
			buildPhases = (
				34F87F7120F0508F00883702 /* Sources */,
				34F87F7220F0508F00883702 /* Frameworks */,
				34F87F7320F0508F00883702 /* Resources */,
			);
			buildRules = (
			);
			dependencies = (
				34F87F7720F0508F00883702 /* PBXTargetDependency */,
			);
			name = OrderFoodTests;
			productName = OrderFoodTests;
			productReference = 34F87F7520F0508F00883702 /* OrderFoodTests.xctest */;
			productType = "com.apple.product-type.bundle.unit-test";
		};
		34F87F7F20F0508F00883702 /* OrderFoodUITests */ = {
			isa = PBXNativeTarget;
			buildConfigurationList = 34F87F8F20F0508F00883702 /* Build configuration list for PBXNativeTarget "OrderFoodUITests" */;
			buildPhases = (
				34F87F7C20F0508F00883702 /* Sources */,
				34F87F7D20F0508F00883702 /* Frameworks */,
				34F87F7E20F0508F00883702 /* Resources */,
			);
			buildRules = (
			);
			dependencies = (
				34F87F8220F0508F00883702 /* PBXTargetDependency */,
			);
			name = OrderFoodUITests;
			productName = OrderFoodUITests;
			productReference = 34F87F8020F0508F00883702 /* OrderFoodUITests.xctest */;
			productType = "com.apple.product-type.bundle.ui-testing";
		};
/* End PBXNativeTarget section */

/* Begin PBXProject section */
		34F87F5520F0508D00883702 /* Project object */ = {
			isa = PBXProject;
			attributes = {
				LastUpgradeCheck = 0940;
				ORGANIZATIONNAME = zjut;
				TargetAttributes = {
					34F87F5C20F0508D00883702 = {
						CreatedOnToolsVersion = 9.4;
					};
					34F87F7420F0508F00883702 = {
						CreatedOnToolsVersion = 9.4;
						TestTargetID = 34F87F5C20F0508D00883702;
					};
					34F87F7F20F0508F00883702 = {
						CreatedOnToolsVersion = 9.4;
						TestTargetID = 34F87F5C20F0508D00883702;
					};
				};
			};
			buildConfigurationList = 34F87F5820F0508D00883702 /* Build configuration list for PBXProject "OrderFood" */;
			compatibilityVersion = "Xcode 9.3";
			developmentRegion = en;
			hasScannedForEncodings = 0;
			knownRegions = (
				en,
				Base,
			);
			mainGroup = 34F87F5420F0508D00883702;
			productRefGroup = 34F87F5E20F0508D00883702 /* Products */;
			projectDirPath = "";
			projectRoot = "";
			targets = (
				34F87F5C20F0508D00883702 /* OrderFood */,
				34F87F7420F0508F00883702 /* OrderFoodTests */,
				34F87F7F20F0508F00883702 /* OrderFoodUITests */,
			);
		};
/* End PBXProject section */

/* Begin PBXResourcesBuildPhase section */
		34F87F5B20F0508D00883702 /* Resources */ = {
			isa = PBXResourcesBuildPhase;
			buildActionMask = 2147483647;
			files = (
				34F87F9320F054EE00883702 /* foods.plist in Resources */,
				34F87F6D20F0508E00883702 /* LaunchScreen.storyboard in Resources */,
				34F87F6A20F0508E00883702 /* Assets.xcassets in Resources */,
				34F87F6820F0508D00883702 /* Main.storyboard in Resources */,
			);
			runOnlyForDeploymentPostprocessing = 0;
		};
		34F87F7320F0508F00883702 /* Resources */ = {
			isa = PBXResourcesBuildPhase;
			buildActionMask = 2147483647;
			files = (
			);
			runOnlyForDeploymentPostprocessing = 0;
		};
		34F87F7E20F0508F00883702 /* Resources */ = {
			isa = PBXResourcesBuildPhase;
			buildActionMask = 2147483647;
			files = (
			);
			runOnlyForDeploymentPostprocessing = 0;
		};
/* End PBXResourcesBuildPhase section */

/* Begin PBXSourcesBuildPhase section */
		34F87F5920F0508D00883702 /* Sources */ = {
			isa = PBXSourcesBuildPhase;
			buildActionMask = 2147483647;
			files = (
				34F87F6520F0508D00883702 /* ViewController.m in Sources */,
				34F87F7020F0508E00883702 /* main.m in Sources */,
				34F87F6220F0508D00883702 /* AppDelegate.m in Sources */,
			);
			runOnlyForDeploymentPostprocessing = 0;
		};
		34F87F7120F0508F00883702 /* Sources */ = {
			isa = PBXSourcesBuildPhase;
			buildActionMask = 2147483647;
			files = (
				34F87F7A20F0508F00883702 /* OrderFoodTests.m in Sources */,
			);
			runOnlyForDeploymentPostprocessing = 0;
		};
		34F87F7C20F0508F00883702 /* Sources */ = {
			isa = PBXSourcesBuildPhase;
			buildActionMask = 2147483647;
			files = (
				34F87F8520F0508F00883702 /* OrderFoodUITests.m in Sources */,
			);
			runOnlyForDeploymentPostprocessing = 0;
		};
/* End PBXSourcesBuildPhase section */

/* Begin PBXTargetDependency section */
		34F87F7720F0508F00883702 /* PBXTargetDependency */ = {
			isa = PBXTargetDependency;
			target = 34F87F5C20F0508D00883702 /* OrderFood */;
			targetProxy = 34F87F7620F0508F00883702 /* PBXContainerItemProxy */;
		};
		34F87F8220F0508F00883702 /* PBXTargetDependency */ = {
			isa = PBXTargetDependency;
			target = 34F87F5C20F0508D00883702 /* OrderFood */;
			targetProxy = 34F87F8120F0508F00883702 /* PBXContainerItemProxy */;
		};
/* End PBXTargetDependency section */

/* Begin PBXVariantGroup section */
		34F87F6620F0508D00883702 /* Main.storyboard */ = {
			isa = PBXVariantGroup;
			children = (
				34F87F6720F0508D00883702 /* Base */,
			);
			name = Main.storyboard;
			sourceTree = "<group>";
		};
		34F87F6B20F0508E00883702 /* LaunchScreen.storyboard */ = {
			isa = PBXVariantGroup;
			children = (
				34F87F6C20F0508E00883702 /* Base */,
			);
			name = LaunchScreen.storyboard;
			sourceTree = "<group>";
		};
/* End PBXVariantGroup section */

/* Begin XCBuildConfiguration section */
		34F87F8720F0508F00883702 /* Debug */ = {
			isa = XCBuildConfiguration;
			buildSettings = {
				ALWAYS_SEARCH_USER_PATHS = NO;
				CLANG_ANALYZER_NONNULL = YES;
				CLANG_ANALYZER_NUMBER_OBJECT_CONVERSION = YES_AGGRESSIVE;
				CLANG_CXX_LANGUAGE_STANDARD = "gnu++14";
				CLANG_CXX_LIBRARY = "libc++";
				CLANG_ENABLE_MODULES = YES;
				CLANG_ENABLE_OBJC_ARC = YES;
				CLANG_ENABLE_OBJC_WEAK = YES;
				CLANG_WARN_BLOCK_CAPTURE_AUTORELEASING = YES;
				CLANG_WARN_BOOL_CONVERSION = YES;
				CLANG_WARN_COMMA = YES;
				CLANG_WARN_CONSTANT_CONVERSION = YES;
				CLANG_WARN_DEPRECATED_OBJC_IMPLEMENTATIONS = YES;
				CLANG_WARN_DIRECT_OBJC_ISA_USAGE = YES_ERROR;
				CLANG_WARN_DOCUMENTATION_COMMENTS = YES;
				CLANG_WARN_EMPTY_BODY = YES;
				CLANG_WARN_ENUM_CONVERSION = YES;
				CLANG_WARN_INFINITE_RECURSION = YES;
				CLANG_WARN_INT_CONVERSION = YES;
				CLANG_WARN_NON_LITERAL_NULL_CONVERSION = YES;
				CLANG_WARN_OBJC_IMPLICIT_RETAIN_SELF = YES;
				CLANG_WARN_OBJC_LITERAL_CONVERSION = YES;
				CLANG_WARN_OBJC_ROOT_CLASS = YES_ERROR;
				CLANG_WARN_RANGE_LOOP_ANALYSIS = YES;
				CLANG_WARN_STRICT_PROTOTYPES = YES;
				CLANG_WARN_SUSPICIOUS_MOVE = YES;
				CLANG_WARN_UNGUARDED_AVAILABILITY = YES_AGGRESSIVE;
				CLANG_WARN_UNREACHABLE_CODE = YES;
				CLANG_WARN__DUPLICATE_METHOD_MATCH = YES;
				CODE_SIGN_IDENTITY = "iPhone Developer";
				COPY_PHASE_STRIP = NO;
				DEBUG_INFORMATION_FORMAT = dwarf;
				ENABLE_STRICT_OBJC_MSGSEND = YES;
				ENABLE_TESTABILITY = YES;
				GCC_C_LANGUAGE_STANDARD = gnu11;
				GCC_DYNAMIC_NO_PIC = NO;
				GCC_NO_COMMON_BLOCKS = YES;
				GCC_OPTIMIZATION_LEVEL = 0;
				GCC_PREPROCESSOR_DEFINITIONS = (
					"DEBUG=1",
					"$(inherited)",
				);
				GCC_WARN_64_TO_32_BIT_CONVERSION = YES;
				GCC_WARN_ABOUT_RETURN_TYPE = YES_ERROR;
				GCC_WARN_UNDECLARED_SELECTOR = YES;
				GCC_WARN_UNINITIALIZED_AUTOS = YES_AGGRESSIVE;
				GCC_WARN_UNUSED_FUNCTION = YES;
				GCC_WARN_UNUSED_VARIABLE = YES;
				IPHONEOS_DEPLOYMENT_TARGET = 11.4;
				MTL_ENABLE_DEBUG_INFO = YES;
				ONLY_ACTIVE_ARCH = YES;
				SDKROOT = iphoneos;
			};
			name = Debug;
		};
		34F87F8820F0508F00883702 /* Release */ = {
			isa = XCBuildConfiguration;
			buildSettings = {
				ALWAYS_SEARCH_USER_PATHS = NO;
				CLANG_ANALYZER_NONNULL = YES;
				CLANG_ANALYZER_NUMBER_OBJECT_CONVERSION = YES_AGGRESSIVE;
				CLANG_CXX_LANGUAGE_STANDARD = "gnu++14";
				CLANG_CXX_LIBRARY = "libc++";
				CLANG_ENABLE_MODULES = YES;
				CLANG_ENABLE_OBJC_ARC = YES;
				CLANG_ENABLE_OBJC_WEAK = YES;
				CLANG_WARN_BLOCK_CAPTURE_AUTORELEASING = YES;
				CLANG_WARN_BOOL_CONVERSION = YES;
				CLANG_WARN_COMMA = YES;
				CLANG_WARN_CONSTANT_CONVERSION = YES;
				CLANG_WARN_DEPRECATED_OBJC_IMPLEMENTATIONS = YES;
				CLANG_WARN_DIRECT_OBJC_ISA_USAGE = YES_ERROR;
				CLANG_WARN_DOCUMENTATION_COMMENTS = YES;
				CLANG_WARN_EMPTY_BODY = YES;
				CLANG_WARN_ENUM_CONVERSION = YES;
				CLANG_WARN_INFINITE_RECURSION = YES;
				CLANG_WARN_INT_CONVERSION = YES;
				CLANG_WARN_NON_LITERAL_NULL_CONVERSION = YES;
				CLANG_WARN_OBJC_IMPLICIT_RETAIN_SELF = YES;
				CLANG_WARN_OBJC_LITERAL_CONVERSION = YES;
				CLANG_WARN_OBJC_ROOT_CLASS = YES_ERROR;
				CLANG_WARN_RANGE_LOOP_ANALYSIS = YES;
				CLANG_WARN_STRICT_PROTOTYPES = YES;
				CLANG_WARN_SUSPICIOUS_MOVE = YES;
				CLANG_WARN_UNGUARDED_AVAILABILITY = YES_AGGRESSIVE;
				CLANG_WARN_UNREACHABLE_CODE = YES;
				CLANG_WARN__DUPLICATE_METHOD_MATCH = YES;
				CODE_SIGN_IDENTITY = "iPhone Developer";
				COPY_PHASE_STRIP = NO;
				DEBUG_INFORMATION_FORMAT = "dwarf-with-dsym";
				ENABLE_NS_ASSERTIONS = NO;
				ENABLE_STRICT_OBJC_MSGSEND = YES;
				GCC_C_LANGUAGE_STANDARD = gnu11;
				GCC_NO_COMMON_BLOCKS = YES;
				GCC_WARN_64_TO_32_BIT_CONVERSION = YES;
				GCC_WARN_ABOUT_RETURN_TYPE = YES_ERROR;
				GCC_WARN_UNDECLARED_SELECTOR = YES;
				GCC_WARN_UNINITIALIZED_AUTOS = YES_AGGRESSIVE;
				GCC_WARN_UNUSED_FUNCTION = YES;
				GCC_WARN_UNUSED_VARIABLE = YES;
				IPHONEOS_DEPLOYMENT_TARGET = 11.4;
				MTL_ENABLE_DEBUG_INFO = NO;
				SDKROOT = iphoneos;
				VALIDATE_PRODUCT = YES;
			};
			name = Release;
		};
		34F87F8A20F0508F00883702 /* Debug */ = {
			isa = XCBuildConfiguration;
			buildSettings = {
				ASSETCATALOG_COMPILER_APPICON_NAME = AppIcon;
				CODE_SIGN_STYLE = Automatic;
				INFOPLIST_FILE = OrderFood/Info.plist;
				IPHONEOS_DEPLOYMENT_TARGET = 11.3;
				LD_RUNPATH_SEARCH_PATHS = (
					"$(inherited)",
					"@executable_path/Frameworks",
				);
				PRODUCT_BUNDLE_IDENTIFIER = salu.zjut.OrderFood;
				PRODUCT_NAME = "$(TARGET_NAME)";
				TARGETED_DEVICE_FAMILY = 1;
			};
			name = Debug;
		};
		34F87F8B20F0508F00883702 /* Release */ = {
			isa = XCBuildConfiguration;
			buildSettings = {
				ASSETCATALOG_COMPILER_APPICON_NAME = AppIcon;
				CODE_SIGN_STYLE = Automatic;
				INFOPLIST_FILE = OrderFood/Info.plist;
				IPHONEOS_DEPLOYMENT_TARGET = 11.3;
				LD_RUNPATH_SEARCH_PATHS = (
					"$(inherited)",
					"@executable_path/Frameworks",
				);
				PRODUCT_BUNDLE_IDENTIFIER = salu.zjut.OrderFood;
				PRODUCT_NAME = "$(TARGET_NAME)";
				TARGETED_DEVICE_FAMILY = 1;
			};
			name = Release;
		};
		34F87F8D20F0508F00883702 /* Debug */ = {
			isa = XCBuildConfiguration;
			buildSettings = {
				BUNDLE_LOADER = "$(TEST_HOST)";
				CODE_SIGN_STYLE = Automatic;
				INFOPLIST_FILE = OrderFoodTests/Info.plist;
				LD_RUNPATH_SEARCH_PATHS = (
					"$(inherited)",
					"@executable_path/Frameworks",
					"@loader_path/Frameworks",
				);
				PRODUCT_BUNDLE_IDENTIFIER = salu.zjut.OrderFoodTests;
				PRODUCT_NAME = "$(TARGET_NAME)";
				TARGETED_DEVICE_FAMILY = "1,2";
				TEST_HOST = "$(BUILT_PRODUCTS_DIR)/OrderFood.app/OrderFood";
			};
			name = Debug;
		};
		34F87F8E20F0508F00883702 /* Release */ = {
			isa = XCBuildConfiguration;
			buildSettings = {
				BUNDLE_LOADER = "$(TEST_HOST)";
				CODE_SIGN_STYLE = Automatic;
				INFOPLIST_FILE = OrderFoodTests/Info.plist;
				LD_RUNPATH_SEARCH_PATHS = (
					"$(inherited)",
					"@executable_path/Frameworks",
					"@loader_path/Frameworks",
				);
				PRODUCT_BUNDLE_IDENTIFIER = salu.zjut.OrderFoodTests;
				PRODUCT_NAME = "$(TARGET_NAME)";
				TARGETED_DEVICE_FAMILY = "1,2";
				TEST_HOST = "$(BUILT_PRODUCTS_DIR)/OrderFood.app/OrderFood";
			};
			name = Release;
		};
		34F87F9020F0508F00883702 /* Debug */ = {
			isa = XCBuildConfiguration;
			buildSettings = {
				CODE_SIGN_STYLE = Automatic;
				INFOPLIST_FILE = OrderFoodUITests/Info.plist;
				LD_RUNPATH_SEARCH_PATHS = (
					"$(inherited)",
					"@executable_path/Frameworks",
					"@loader_path/Frameworks",
				);
				PRODUCT_BUNDLE_IDENTIFIER = salu.zjut.OrderFoodUITests;
				PRODUCT_NAME = "$(TARGET_NAME)";
				TARGETED_DEVICE_FAMILY = "1,2";
				TEST_TARGET_NAME = OrderFood;
			};
			name = Debug;
		};
		34F87F9120F0508F00883702 /* Release */ = {
			isa = XCBuildConfiguration;
			buildSettings = {
				CODE_SIGN_STYLE = Automatic;
				INFOPLIST_FILE = OrderFoodUITests/Info.plist;
				LD_RUNPATH_SEARCH_PATHS = (
					"$(inherited)",
					"@executable_path/Frameworks",
					"@loader_path/Frameworks",
				);
				PRODUCT_BUNDLE_IDENTIFIER = salu.zjut.OrderFoodUITests;
				PRODUCT_NAME = "$(TARGET_NAME)";
				TARGETED_DEVICE_FAMILY = "1,2";
				TEST_TARGET_NAME = OrderFood;
			};
			name = Release;
		};
/* End XCBuildConfiguration section */

/* Begin XCConfigurationList section */
		34F87F5820F0508D00883702 /* Build configuration list for PBXProject "OrderFood" */ = {
			isa = XCConfigurationList;
			buildConfigurations = (
				34F87F8720F0508F00883702 /* Debug */,
				34F87F8820F0508F00883702 /* Release */,
			);
			defaultConfigurationIsVisible = 0;
			defaultConfigurationName = Release;
		};
		34F87F8920F0508F00883702 /* Build configuration list for PBXNativeTarget "OrderFood" */ = {
			isa = XCConfigurationList;
			buildConfigurations = (
				34F87F8A20F0508F00883702 /* Debug */,
				34F87F8B20F0508F00883702 /* Release */,
			);
			defaultConfigurationIsVisible = 0;
			defaultConfigurationName = Release;
		};
		34F87F8C20F0508F00883702 /* Build configuration list for PBXNativeTarget "OrderFoodTests" */ = {
			isa = XCConfigurationList;
			buildConfigurations = (
				34F87F8D20F0508F00883702 /* Debug */,
				34F87F8E20F0508F00883702 /* Release */,
			);
			defaultConfigurationIsVisible = 0;
			defaultConfigurationName = Release;
		};
		34F87F8F20F0508F00883702 /* Build configuration list for PBXNativeTarget "OrderFoodUITests" */ = {
			isa = XCConfigurationList;
			buildConfigurations = (
				34F87F9020F0508F00883702 /* Debug */,
				34F87F9120F0508F00883702 /* Release */,
			);
			defaultConfigurationIsVisible = 0;
			defaultConfigurationName = Release;
		};
/* End XCConfigurationList section */
	};
	rootObject = 34F87F5520F0508D00883702 /* Project object */;
}
